// !$*UTF8*$!
{
	archiveVersion = 1;
	classes = {
	};
	objectVersion = 46;
	objects = {

/* Begin PBXBuildFile section */
		8319B7691D28C65000464B9D /* UIButton+CSExtension.swift in Sources */ = {isa = PBXBuildFile; fileRef = 8319B7681D28C65000464B9D /* UIButton+CSExtension.swift */; };
		83A2FEE31D1EF3E900264119 /* NSData+CSExtensionTests.swift in Sources */ = {isa = PBXBuildFile; fileRef = 83A2FEDC1D1EF3E900264119 /* NSData+CSExtensionTests.swift */; };
		83A2FEE41D1EF3E900264119 /* NSFileManager+CSExtensionTests.swift in Sources */ = {isa = PBXBuildFile; fileRef = 83A2FEDD1D1EF3E900264119 /* NSFileManager+CSExtensionTests.swift */; };
		83A2FEE51D1EF3E900264119 /* String+CSExtensionTests.swift in Sources */ = {isa = PBXBuildFile; fileRef = 83A2FEDE1D1EF3E900264119 /* String+CSExtensionTests.swift */; };
		83A2FEE61D1EF3E900264119 /* UIApplication+CSExtensionTests.swift in Sources */ = {isa = PBXBuildFile; fileRef = 83A2FEDF1D1EF3E900264119 /* UIApplication+CSExtensionTests.swift */; };
		83A2FEE71D1EF3E900264119 /* UIColor+CSExtensionTests.swift in Sources */ = {isa = PBXBuildFile; fileRef = 83A2FEE01D1EF3E900264119 /* UIColor+CSExtensionTests.swift */; };
		83A2FEE81D1EF3E900264119 /* UIDevice+CSExtensionTests.swift in Sources */ = {isa = PBXBuildFile; fileRef = 83A2FEE11D1EF3E900264119 /* UIDevice+CSExtensionTests.swift */; };
		83A2FEE91D1EF3E900264119 /* UIImage+CSExtensionTests.swift in Sources */ = {isa = PBXBuildFile; fileRef = 83A2FEE21D1EF3E900264119 /* UIImage+CSExtensionTests.swift */; };
		83A2FF451D1EFF4300264119 /* CSNetworkManager.swift in Sources */ = {isa = PBXBuildFile; fileRef = 83A2FF3A1D1EFF4300264119 /* CSNetworkManager.swift */; };
		83A2FF461D1EFF4300264119 /* NSData+CSExtension.swift in Sources */ = {isa = PBXBuildFile; fileRef = 83A2FF3C1D1EFF4300264119 /* NSData+CSExtension.swift */; };
		83A2FF471D1EFF4300264119 /* NSFileManager+CSExtension.swift in Sources */ = {isa = PBXBuildFile; fileRef = 83A2FF3D1D1EFF4300264119 /* NSFileManager+CSExtension.swift */; };
		83A2FF481D1EFF4300264119 /* String+CSExtension.swift in Sources */ = {isa = PBXBuildFile; fileRef = 83A2FF3E1D1EFF4300264119 /* String+CSExtension.swift */; };
		83A2FF491D1EFF4300264119 /* UIApplication+CSExtension.swift in Sources */ = {isa = PBXBuildFile; fileRef = 83A2FF401D1EFF4300264119 /* UIApplication+CSExtension.swift */; };
		83A2FF4A1D1EFF4300264119 /* UIColor+CSExtension.swift in Sources */ = {isa = PBXBuildFile; fileRef = 83A2FF411D1EFF4300264119 /* UIColor+CSExtension.swift */; };
		83A2FF4B1D1EFF4300264119 /* UIDevice+CSExtension.swift in Sources */ = {isa = PBXBuildFile; fileRef = 83A2FF421D1EFF4300264119 /* UIDevice+CSExtension.swift */; };
		83A2FF4C1D1EFF4300264119 /* UIImage+CSExtension.swift in Sources */ = {isa = PBXBuildFile; fileRef = 83A2FF431D1EFF4300264119 /* UIImage+CSExtension.swift */; };
		83A2FF4D1D1EFF4300264119 /* UIView+CSExtension.swift in Sources */ = {isa = PBXBuildFile; fileRef = 83A2FF441D1EFF4300264119 /* UIView+CSExtension.swift */; };
		83A2FF5A1D1EFF4A00264119 /* AppDelegate.swift in Sources */ = {isa = PBXBuildFile; fileRef = 83A2FF4F1D1EFF4A00264119 /* AppDelegate.swift */; };
		83A2FF5B1D1EFF4A00264119 /* Assets.xcassets in Resources */ = {isa = PBXBuildFile; fileRef = 83A2FF501D1EFF4A00264119 /* Assets.xcassets */; };
		83A2FF5C1D1EFF4A00264119 /* AViewController.swift in Sources */ = {isa = PBXBuildFile; fileRef = 83A2FF511D1EFF4A00264119 /* AViewController.swift */; };
		83A2FF5D1D1EFF4A00264119 /* LaunchScreen.storyboard in Resources */ = {isa = PBXBuildFile; fileRef = 83A2FF521D1EFF4A00264119 /* LaunchScreen.storyboard */; };
		83A2FF5E1D1EFF4A00264119 /* Main.storyboard in Resources */ = {isa = PBXBuildFile; fileRef = 83A2FF541D1EFF4A00264119 /* Main.storyboard */; };
		83A2FF5F1D1EFF4A00264119 /* CSSwiftExtension.xcdatamodeld in Sources */ = {isa = PBXBuildFile; fileRef = 83A2FF561D1EFF4A00264119 /* CSSwiftExtension.xcdatamodeld */; };
		83A2FF601D1EFF4A00264119 /* Info.plist in Resources */ = {isa = PBXBuildFile; fileRef = 83A2FF581D1EFF4A00264119 /* Info.plist */; };
		83A2FF611D1EFF4A00264119 /* ViewController.swift in Sources */ = {isa = PBXBuildFile; fileRef = 83A2FF591D1EFF4A00264119 /* ViewController.swift */; };
		83A2FF621D1EFF5800264119 /* CSNetworkManager.swift in Sources */ = {isa = PBXBuildFile; fileRef = 83A2FF3A1D1EFF4300264119 /* CSNetworkManager.swift */; };
		83A2FF631D1EFF5B00264119 /* NSData+CSExtension.swift in Sources */ = {isa = PBXBuildFile; fileRef = 83A2FF3C1D1EFF4300264119 /* NSData+CSExtension.swift */; };
		83A2FF641D1EFF5D00264119 /* NSFileManager+CSExtension.swift in Sources */ = {isa = PBXBuildFile; fileRef = 83A2FF3D1D1EFF4300264119 /* NSFileManager+CSExtension.swift */; };
		83A2FF651D1EFF5F00264119 /* String+CSExtension.swift in Sources */ = {isa = PBXBuildFile; fileRef = 83A2FF3E1D1EFF4300264119 /* String+CSExtension.swift */; };
		83A2FF661D1EFF6100264119 /* UIApplication+CSExtension.swift in Sources */ = {isa = PBXBuildFile; fileRef = 83A2FF401D1EFF4300264119 /* UIApplication+CSExtension.swift */; };
		83A2FF671D1EFF6400264119 /* UIColor+CSExtension.swift in Sources */ = {isa = PBXBuildFile; fileRef = 83A2FF411D1EFF4300264119 /* UIColor+CSExtension.swift */; };
		83A2FF681D1EFF6600264119 /* UIDevice+CSExtension.swift in Sources */ = {isa = PBXBuildFile; fileRef = 83A2FF421D1EFF4300264119 /* UIDevice+CSExtension.swift */; };
		83A2FF691D1EFF6900264119 /* UIImage+CSExtension.swift in Sources */ = {isa = PBXBuildFile; fileRef = 83A2FF431D1EFF4300264119 /* UIImage+CSExtension.swift */; };
		83A2FF6A1D1EFF6C00264119 /* UIView+CSExtension.swift in Sources */ = {isa = PBXBuildFile; fileRef = 83A2FF441D1EFF4300264119 /* UIView+CSExtension.swift */; };
		A40559151D1803A400577D29 /* CSSwiftExtensionTests.swift in Sources */ = {isa = PBXBuildFile; fileRef = A40559141D1803A400577D29 /* CSSwiftExtensionTests.swift */; };
/* End PBXBuildFile section */

/* Begin PBXContainerItemProxy section */
		A40559111D1803A400577D29 /* PBXContainerItemProxy */ = {
			isa = PBXContainerItemProxy;
			containerPortal = A40558F11D1803A400577D29 /* Project object */;
			proxyType = 1;
			remoteGlobalIDString = A40558F81D1803A400577D29;
			remoteInfo = CSSwiftExtension;
		};
/* End PBXContainerItemProxy section */

/* Begin PBXFileReference section */
		8319B7681D28C65000464B9D /* UIButton+CSExtension.swift */ = {isa = PBXFileReference; fileEncoding = 4; lastKnownFileType = sourcecode.swift; path = "UIButton+CSExtension.swift"; sourceTree = "<group>"; };
		83A2FEDC1D1EF3E900264119 /* NSData+CSExtensionTests.swift */ = {isa = PBXFileReference; fileEncoding = 4; lastKnownFileType = sourcecode.swift; path = "NSData+CSExtensionTests.swift"; sourceTree = "<group>"; };
		83A2FEDD1D1EF3E900264119 /* NSFileManager+CSExtensionTests.swift */ = {isa = PBXFileReference; fileEncoding = 4; lastKnownFileType = sourcecode.swift; path = "NSFileManager+CSExtensionTests.swift"; sourceTree = "<group>"; };
		83A2FEDE1D1EF3E900264119 /* String+CSExtensionTests.swift */ = {isa = PBXFileReference; fileEncoding = 4; lastKnownFileType = sourcecode.swift; path = "String+CSExtensionTests.swift"; sourceTree = "<group>"; };
		83A2FEDF1D1EF3E900264119 /* UIApplication+CSExtensionTests.swift */ = {isa = PBXFileReference; fileEncoding = 4; lastKnownFileType = sourcecode.swift; path = "UIApplication+CSExtensionTests.swift"; sourceTree = "<group>"; };
		83A2FEE01D1EF3E900264119 /* UIColor+CSExtensionTests.swift */ = {isa = PBXFileReference; fileEncoding = 4; lastKnownFileType = sourcecode.swift; path = "UIColor+CSExtensionTests.swift"; sourceTree = "<group>"; };
		83A2FEE11D1EF3E900264119 /* UIDevice+CSExtensionTests.swift */ = {isa = PBXFileReference; fileEncoding = 4; lastKnownFileType = sourcecode.swift; path = "UIDevice+CSExtensionTests.swift"; sourceTree = "<group>"; };
		83A2FEE21D1EF3E900264119 /* UIImage+CSExtensionTests.swift */ = {isa = PBXFileReference; fileEncoding = 4; lastKnownFileType = sourcecode.swift; path = "UIImage+CSExtensionTests.swift"; sourceTree = "<group>"; };
		83A2FF3A1D1EFF4300264119 /* CSNetworkManager.swift */ = {isa = PBXFileReference; fileEncoding = 4; lastKnownFileType = sourcecode.swift; path = CSNetworkManager.swift; sourceTree = "<group>"; };
		83A2FF3C1D1EFF4300264119 /* NSData+CSExtension.swift */ = {isa = PBXFileReference; fileEncoding = 4; lastKnownFileType = sourcecode.swift; path = "NSData+CSExtension.swift"; sourceTree = "<group>"; };
		83A2FF3D1D1EFF4300264119 /* NSFileManager+CSExtension.swift */ = {isa = PBXFileReference; fileEncoding = 4; lastKnownFileType = sourcecode.swift; path = "NSFileManager+CSExtension.swift"; sourceTree = "<group>"; };
		83A2FF3E1D1EFF4300264119 /* String+CSExtension.swift */ = {isa = PBXFileReference; fileEncoding = 4; lastKnownFileType = sourcecode.swift; path = "String+CSExtension.swift"; sourceTree = "<group>"; };
		83A2FF401D1EFF4300264119 /* UIApplication+CSExtension.swift */ = {isa = PBXFileReference; fileEncoding = 4; lastKnownFileType = sourcecode.swift; path = "UIApplication+CSExtension.swift"; sourceTree = "<group>"; };
		83A2FF411D1EFF4300264119 /* UIColor+CSExtension.swift */ = {isa = PBXFileReference; fileEncoding = 4; lastKnownFileType = sourcecode.swift; path = "UIColor+CSExtension.swift"; sourceTree = "<group>"; };
		83A2FF421D1EFF4300264119 /* UIDevice+CSExtension.swift */ = {isa = PBXFileReference; fileEncoding = 4; lastKnownFileType = sourcecode.swift; path = "UIDevice+CSExtension.swift"; sourceTree = "<group>"; };
		83A2FF431D1EFF4300264119 /* UIImage+CSExtension.swift */ = {isa = PBXFileReference; fileEncoding = 4; lastKnownFileType = sourcecode.swift; path = "UIImage+CSExtension.swift"; sourceTree = "<group>"; };
		83A2FF441D1EFF4300264119 /* UIView+CSExtension.swift */ = {isa = PBXFileReference; fileEncoding = 4; lastKnownFileType = sourcecode.swift; path = "UIView+CSExtension.swift"; sourceTree = "<group>"; };
		83A2FF4F1D1EFF4A00264119 /* AppDelegate.swift */ = {isa = PBXFileReference; fileEncoding = 4; lastKnownFileType = sourcecode.swift; path = AppDelegate.swift; sourceTree = "<group>"; };
		83A2FF501D1EFF4A00264119 /* Assets.xcassets */ = {isa = PBXFileReference; lastKnownFileType = folder.assetcatalog; path = Assets.xcassets; sourceTree = "<group>"; };
		83A2FF511D1EFF4A00264119 /* AViewController.swift */ = {isa = PBXFileReference; fileEncoding = 4; lastKnownFileType = sourcecode.swift; path = AViewController.swift; sourceTree = "<group>"; };
		83A2FF531D1EFF4A00264119 /* Base */ = {isa = PBXFileReference; lastKnownFileType = file.storyboard; name = Base; path = Base.lproj/LaunchScreen.storyboard; sourceTree = "<group>"; };
		83A2FF551D1EFF4A00264119 /* Base */ = {isa = PBXFileReference; lastKnownFileType = file.storyboard; name = Base; path = Base.lproj/Main.storyboard; sourceTree = "<group>"; };
		83A2FF571D1EFF4A00264119 /* CSSwiftExtension.xcdatamodel */ = {isa = PBXFileReference; lastKnownFileType = wrapper.xcdatamodel; path = CSSwiftExtension.xcdatamodel; sourceTree = "<group>"; };
		83A2FF581D1EFF4A00264119 /* Info.plist */ = {isa = PBXFileReference; fileEncoding = 4; lastKnownFileType = text.plist.xml; path = Info.plist; sourceTree = "<group>"; };
		83A2FF591D1EFF4A00264119 /* ViewController.swift */ = {isa = PBXFileReference; fileEncoding = 4; lastKnownFileType = sourcecode.swift; path = ViewController.swift; sourceTree = "<group>"; };
		A40558F91D1803A400577D29 /* CSSwiftExtensionExample.app */ = {isa = PBXFileReference; explicitFileType = wrapper.application; includeInIndex = 0; path = CSSwiftExtensionExample.app; sourceTree = BUILT_PRODUCTS_DIR; };
		A40559101D1803A400577D29 /* CSSwiftExtensionTests.xctest */ = {isa = PBXFileReference; explicitFileType = wrapper.cfbundle; includeInIndex = 0; path = CSSwiftExtensionTests.xctest; sourceTree = BUILT_PRODUCTS_DIR; };
		A40559141D1803A400577D29 /* CSSwiftExtensionTests.swift */ = {isa = PBXFileReference; lastKnownFileType = sourcecode.swift; path = CSSwiftExtensionTests.swift; sourceTree = "<group>"; };
		A40559161D1803A400577D29 /* Info.plist */ = {isa = PBXFileReference; lastKnownFileType = text.plist.xml; path = Info.plist; sourceTree = "<group>"; };
/* End PBXFileReference section */

/* Begin PBXFrameworksBuildPhase section */
		A40558F61D1803A400577D29 /* Frameworks */ = {
			isa = PBXFrameworksBuildPhase;
			buildActionMask = 2147483647;
			files = (
			);
			runOnlyForDeploymentPostprocessing = 0;
		};
		A405590D1D1803A400577D29 /* Frameworks */ = {
			isa = PBXFrameworksBuildPhase;
			buildActionMask = 2147483647;
			files = (
			);
			runOnlyForDeploymentPostprocessing = 0;
		};
/* End PBXFrameworksBuildPhase section */

/* Begin PBXGroup section */
		83A2FF381D1EFF4300264119 /* CSSwiftExtension */ = {
			isa = PBXGroup;
			children = (
				83A2FF391D1EFF4300264119 /* CSNetworkManager */,
				83A2FF3B1D1EFF4300264119 /* Foundation+CSExtension */,
				83A2FF3F1D1EFF4300264119 /* UIKit+CSExtension */,
			);
			path = CSSwiftExtension;
			sourceTree = "<group>";
		};
		83A2FF391D1EFF4300264119 /* CSNetworkManager */ = {
			isa = PBXGroup;
			children = (
				83A2FF3A1D1EFF4300264119 /* CSNetworkManager.swift */,
			);
			path = CSNetworkManager;
			sourceTree = "<group>";
		};
		83A2FF3B1D1EFF4300264119 /* Foundation+CSExtension */ = {
			isa = PBXGroup;
			children = (
				83A2FF3C1D1EFF4300264119 /* NSData+CSExtension.swift */,
				83A2FF3D1D1EFF4300264119 /* NSFileManager+CSExtension.swift */,
				83A2FF3E1D1EFF4300264119 /* String+CSExtension.swift */,
			);
			path = "Foundation+CSExtension";
			sourceTree = "<group>";
		};
		83A2FF3F1D1EFF4300264119 /* UIKit+CSExtension */ = {
			isa = PBXGroup;
			children = (
				83A2FF401D1EFF4300264119 /* UIApplication+CSExtension.swift */,
				83A2FF411D1EFF4300264119 /* UIColor+CSExtension.swift */,
				83A2FF421D1EFF4300264119 /* UIDevice+CSExtension.swift */,
				83A2FF431D1EFF4300264119 /* UIImage+CSExtension.swift */,
				83A2FF441D1EFF4300264119 /* UIView+CSExtension.swift */,
				8319B7681D28C65000464B9D /* UIButton+CSExtension.swift */,
			);
			path = "UIKit+CSExtension";
			sourceTree = "<group>";
		};
		83A2FF4E1D1EFF4A00264119 /* CSSwiftExtensionExample */ = {
			isa = PBXGroup;
			children = (
				83A2FF4F1D1EFF4A00264119 /* AppDelegate.swift */,
				83A2FF591D1EFF4A00264119 /* ViewController.swift */,
				83A2FF511D1EFF4A00264119 /* AViewController.swift */,
				83A2FF521D1EFF4A00264119 /* LaunchScreen.storyboard */,
				83A2FF541D1EFF4A00264119 /* Main.storyboard */,
				83A2FF501D1EFF4A00264119 /* Assets.xcassets */,
				83A2FF561D1EFF4A00264119 /* CSSwiftExtension.xcdatamodeld */,
				83A2FF581D1EFF4A00264119 /* Info.plist */,
			);
			path = CSSwiftExtensionExample;
			sourceTree = "<group>";
		};
		A40558F01D1803A400577D29 = {
			isa = PBXGroup;
			children = (
				83A2FF381D1EFF4300264119 /* CSSwiftExtension */,
				83A2FF4E1D1EFF4A00264119 /* CSSwiftExtensionExample */,
				A40559131D1803A400577D29 /* CSSwiftExtensionTests */,
				A40558FA1D1803A400577D29 /* Products */,
			);
			sourceTree = "<group>";
		};
		A40558FA1D1803A400577D29 /* Products */ = {
			isa = PBXGroup;
			children = (
				A40558F91D1803A400577D29 /* CSSwiftExtensionExample.app */,
				A40559101D1803A400577D29 /* CSSwiftExtensionTests.xctest */,
			);
			name = Products;
			sourceTree = "<group>";
		};
		A40559131D1803A400577D29 /* CSSwiftExtensionTests */ = {
			isa = PBXGroup;
			children = (
				83A2FEDC1D1EF3E900264119 /* NSData+CSExtensionTests.swift */,
				83A2FEDD1D1EF3E900264119 /* NSFileManager+CSExtensionTests.swift */,
				83A2FEDE1D1EF3E900264119 /* String+CSExtensionTests.swift */,
				83A2FEDF1D1EF3E900264119 /* UIApplication+CSExtensionTests.swift */,
				83A2FEE01D1EF3E900264119 /* UIColor+CSExtensionTests.swift */,
				83A2FEE11D1EF3E900264119 /* UIDevice+CSExtensionTests.swift */,
				83A2FEE21D1EF3E900264119 /* UIImage+CSExtensionTests.swift */,
				A40559141D1803A400577D29 /* CSSwiftExtensionTests.swift */,
				A40559161D1803A400577D29 /* Info.plist */,
			);
			path = CSSwiftExtensionTests;
			sourceTree = "<group>";
		};
/* End PBXGroup section */

/* Begin PBXNativeTarget section */
		A40558F81D1803A400577D29 /* CSSwiftExtensionExample */ = {
			isa = PBXNativeTarget;
			buildConfigurationList = A40559191D1803A400577D29 /* Build configuration list for PBXNativeTarget "CSSwiftExtensionExample" */;
			buildPhases = (
				A40558F51D1803A400577D29 /* Sources */,
				A40558F61D1803A400577D29 /* Frameworks */,
				A40558F71D1803A400577D29 /* Resources */,
			);
			buildRules = (
			);
			dependencies = (
			);
			name = CSSwiftExtensionExample;
			productName = CSSwiftExtension;
			productReference = A40558F91D1803A400577D29 /* CSSwiftExtensionExample.app */;
			productType = "com.apple.product-type.application";
		};
		A405590F1D1803A400577D29 /* CSSwiftExtensionTests */ = {
			isa = PBXNativeTarget;
			buildConfigurationList = A405591C1D1803A400577D29 /* Build configuration list for PBXNativeTarget "CSSwiftExtensionTests" */;
			buildPhases = (
				A405590C1D1803A400577D29 /* Sources */,
				A405590D1D1803A400577D29 /* Frameworks */,
				A405590E1D1803A400577D29 /* Resources */,
			);
			buildRules = (
			);
			dependencies = (
				A40559121D1803A400577D29 /* PBXTargetDependency */,
			);
			name = CSSwiftExtensionTests;
			productName = CSSwiftExtensionTests;
			productReference = A40559101D1803A400577D29 /* CSSwiftExtensionTests.xctest */;
			productType = "com.apple.product-type.bundle.unit-test";
		};
/* End PBXNativeTarget section */

/* Begin PBXProject section */
		A40558F11D1803A400577D29 /* Project object */ = {
			isa = PBXProject;
			attributes = {
				LastSwiftUpdateCheck = 0730;
				LastUpgradeCheck = 0730;
				ORGANIZATIONNAME = icetime17;
				TargetAttributes = {
					A40558F81D1803A400577D29 = {
						CreatedOnToolsVersion = 7.3.1;
					};
					A405590F1D1803A400577D29 = {
						CreatedOnToolsVersion = 7.3.1;
						TestTargetID = A40558F81D1803A400577D29;
					};
				};
			};
			buildConfigurationList = A40558F41D1803A400577D29 /* Build configuration list for PBXProject "CSSwiftExtension" */;
			compatibilityVersion = "Xcode 3.2";
			developmentRegion = English;
			hasScannedForEncodings = 0;
			knownRegions = (
				en,
				Base,
			);
			mainGroup = A40558F01D1803A400577D29;
			productRefGroup = A40558FA1D1803A400577D29 /* Products */;
			projectDirPath = "";
			projectRoot = "";
			targets = (
				A40558F81D1803A400577D29 /* CSSwiftExtensionExample */,
				A405590F1D1803A400577D29 /* CSSwiftExtensionTests */,
			);
		};
/* End PBXProject section */

/* Begin PBXResourcesBuildPhase section */
		A40558F71D1803A400577D29 /* Resources */ = {
			isa = PBXResourcesBuildPhase;
			buildActionMask = 2147483647;
			files = (
				83A2FF601D1EFF4A00264119 /* Info.plist in Resources */,
				83A2FF5E1D1EFF4A00264119 /* Main.storyboard in Resources */,
				83A2FF5B1D1EFF4A00264119 /* Assets.xcassets in Resources */,
				83A2FF5D1D1EFF4A00264119 /* LaunchScreen.storyboard in Resources */,
			);
			runOnlyForDeploymentPostprocessing = 0;
		};
		A405590E1D1803A400577D29 /* Resources */ = {
			isa = PBXResourcesBuildPhase;
			buildActionMask = 2147483647;
			files = (
			);
			runOnlyForDeploymentPostprocessing = 0;
		};
/* End PBXResourcesBuildPhase section */

/* Begin PBXSourcesBuildPhase section */
		A40558F51D1803A400577D29 /* Sources */ = {
			isa = PBXSourcesBuildPhase;
			buildActionMask = 2147483647;
			files = (
				83A2FF481D1EFF4300264119 /* String+CSExtension.swift in Sources */,
				8319B7691D28C65000464B9D /* UIButton+CSExtension.swift in Sources */,
				83A2FF5F1D1EFF4A00264119 /* CSSwiftExtension.xcdatamodeld in Sources */,
				83A2FF4B1D1EFF4300264119 /* UIDevice+CSExtension.swift in Sources */,
				83A2FF491D1EFF4300264119 /* UIApplication+CSExtension.swift in Sources */,
				83A2FF4C1D1EFF4300264119 /* UIImage+CSExtension.swift in Sources */,
				83A2FF461D1EFF4300264119 /* NSData+CSExtension.swift in Sources */,
				83A2FF4D1D1EFF4300264119 /* UIView+CSExtension.swift in Sources */,
				83A2FF451D1EFF4300264119 /* CSNetworkManager.swift in Sources */,
				83A2FF611D1EFF4A00264119 /* ViewController.swift in Sources */,
				83A2FF5C1D1EFF4A00264119 /* AViewController.swift in Sources */,
				83A2FF471D1EFF4300264119 /* NSFileManager+CSExtension.swift in Sources */,
				83A2FF5A1D1EFF4A00264119 /* AppDelegate.swift in Sources */,
				83A2FF4A1D1EFF4300264119 /* UIColor+CSExtension.swift in Sources */,
			);
			runOnlyForDeploymentPostprocessing = 0;
		};
		A405590C1D1803A400577D29 /* Sources */ = {
			isa = PBXSourcesBuildPhase;
			buildActionMask = 2147483647;
			files = (
				83A2FF631D1EFF5B00264119 /* NSData+CSExtension.swift in Sources */,
				83A2FF681D1EFF6600264119 /* UIDevice+CSExtension.swift in Sources */,
				83A2FEE91D1EF3E900264119 /* UIImage+CSExtensionTests.swift in Sources */,
				83A2FF691D1EFF6900264119 /* UIImage+CSExtension.swift in Sources */,
				83A2FF641D1EFF5D00264119 /* NSFileManager+CSExtension.swift in Sources */,
				83A2FEE41D1EF3E900264119 /* NSFileManager+CSExtensionTests.swift in Sources */,
				83A2FEE51D1EF3E900264119 /* String+CSExtensionTests.swift in Sources */,
				83A2FEE71D1EF3E900264119 /* UIColor+CSExtensionTests.swift in Sources */,
				83A2FF6A1D1EFF6C00264119 /* UIView+CSExtension.swift in Sources */,
				83A2FEE81D1EF3E900264119 /* UIDevice+CSExtensionTests.swift in Sources */,
				83A2FF621D1EFF5800264119 /* CSNetworkManager.swift in Sources */,
				83A2FF651D1EFF5F00264119 /* String+CSExtension.swift in Sources */,
				83A2FF671D1EFF6400264119 /* UIColor+CSExtension.swift in Sources */,
				83A2FF661D1EFF6100264119 /* UIApplication+CSExtension.swift in Sources */,
				83A2FEE61D1EF3E900264119 /* UIApplication+CSExtensionTests.swift in Sources */,
				83A2FEE31D1EF3E900264119 /* NSData+CSExtensionTests.swift in Sources */,
				A40559151D1803A400577D29 /* CSSwiftExtensionTests.swift in Sources */,
			);
			runOnlyForDeploymentPostprocessing = 0;
		};
/* End PBXSourcesBuildPhase section */

/* Begin PBXTargetDependency section */
		A40559121D1803A400577D29 /* PBXTargetDependency */ = {
			isa = PBXTargetDependency;
			target = A40558F81D1803A400577D29 /* CSSwiftExtensionExample */;
			targetProxy = A40559111D1803A400577D29 /* PBXContainerItemProxy */;
		};
/* End PBXTargetDependency section */

/* Begin PBXVariantGroup section */
		83A2FF521D1EFF4A00264119 /* LaunchScreen.storyboard */ = {
			isa = PBXVariantGroup;
			children = (
				83A2FF531D1EFF4A00264119 /* Base */,
			);
			name = LaunchScreen.storyboard;
			sourceTree = "<group>";
		};
		83A2FF541D1EFF4A00264119 /* Main.storyboard */ = {
			isa = PBXVariantGroup;
			children = (
				83A2FF551D1EFF4A00264119 /* Base */,
			);
			name = Main.storyboard;
			sourceTree = "<group>";
		};
/* End PBXVariantGroup section */

/* Begin XCBuildConfiguration section */
		A40559171D1803A400577D29 /* Debug */ = {
			isa = XCBuildConfiguration;
			buildSettings = {
				ALWAYS_SEARCH_USER_PATHS = NO;
				CLANG_ANALYZER_NONNULL = YES;
				CLANG_CXX_LANGUAGE_STANDARD = "gnu++0x";
				CLANG_CXX_LIBRARY = "libc++";
				CLANG_ENABLE_MODULES = YES;
				CLANG_ENABLE_OBJC_ARC = YES;
				CLANG_WARN_BOOL_CONVERSION = YES;
				CLANG_WARN_CONSTANT_CONVERSION = YES;
				CLANG_WARN_DIRECT_OBJC_ISA_USAGE = YES_ERROR;
				CLANG_WARN_EMPTY_BODY = YES;
				CLANG_WARN_ENUM_CONVERSION = YES;
				CLANG_WARN_INT_CONVERSION = YES;
				CLANG_WARN_OBJC_ROOT_CLASS = YES_ERROR;
				CLANG_WARN_UNREACHABLE_CODE = YES;
				CLANG_WARN__DUPLICATE_METHOD_MATCH = YES;
				"CODE_SIGN_IDENTITY[sdk=iphoneos*]" = "iPhone Developer";
				COPY_PHASE_STRIP = NO;
				DEBUG_INFORMATION_FORMAT = dwarf;
				ENABLE_STRICT_OBJC_MSGSEND = YES;
				ENABLE_TESTABILITY = YES;
				GCC_C_LANGUAGE_STANDARD = gnu99;
				GCC_DYNAMIC_NO_PIC = NO;
				GCC_NO_COMMON_BLOCKS = YES;
				GCC_OPTIMIZATION_LEVEL = 0;
				GCC_PREPROCESSOR_DEFINITIONS = (
					"DEBUG=1",
					"$(inherited)",
				);
				GCC_WARN_64_TO_32_BIT_CONVERSION = YES;
				GCC_WARN_ABOUT_RETURN_TYPE = YES_ERROR;
				GCC_WARN_UNDECLARED_SELECTOR = YES;
				GCC_WARN_UNINITIALIZED_AUTOS = YES_AGGRESSIVE;
				GCC_WARN_UNUSED_FUNCTION = YES;
				GCC_WARN_UNUSED_VARIABLE = YES;
				IPHONEOS_DEPLOYMENT_TARGET = 9.3;
				MTL_ENABLE_DEBUG_INFO = YES;
				ONLY_ACTIVE_ARCH = YES;
				SDKROOT = iphoneos;
				SWIFT_OPTIMIZATION_LEVEL = "-Onone";
			};
			name = Debug;
		};
		A40559181D1803A400577D29 /* Release */ = {
			isa = XCBuildConfiguration;
			buildSettings = {
				ALWAYS_SEARCH_USER_PATHS = NO;
				CLANG_ANALYZER_NONNULL = YES;
				CLANG_CXX_LANGUAGE_STANDARD = "gnu++0x";
				CLANG_CXX_LIBRARY = "libc++";
				CLANG_ENABLE_MODULES = YES;
				CLANG_ENABLE_OBJC_ARC = YES;
				CLANG_WARN_BOOL_CONVERSION = YES;
				CLANG_WARN_CONSTANT_CONVERSION = YES;
				CLANG_WARN_DIRECT_OBJC_ISA_USAGE = YES_ERROR;
				CLANG_WARN_EMPTY_BODY = YES;
				CLANG_WARN_ENUM_CONVERSION = YES;
				CLANG_WARN_INT_CONVERSION = YES;
				CLANG_WARN_OBJC_ROOT_CLASS = YES_ERROR;
				CLANG_WARN_UNREACHABLE_CODE = YES;
				CLANG_WARN__DUPLICATE_METHOD_MATCH = YES;
				"CODE_SIGN_IDENTITY[sdk=iphoneos*]" = "iPhone Developer";
				COPY_PHASE_STRIP = NO;
				DEBUG_INFORMATION_FORMAT = "dwarf-with-dsym";
				ENABLE_NS_ASSERTIONS = NO;
				ENABLE_STRICT_OBJC_MSGSEND = YES;
				GCC_C_LANGUAGE_STANDARD = gnu99;
				GCC_NO_COMMON_BLOCKS = YES;
				GCC_WARN_64_TO_32_BIT_CONVERSION = YES;
				GCC_WARN_ABOUT_RETURN_TYPE = YES_ERROR;
				GCC_WARN_UNDECLARED_SELECTOR = YES;
				GCC_WARN_UNINITIALIZED_AUTOS = YES_AGGRESSIVE;
				GCC_WARN_UNUSED_FUNCTION = YES;
				GCC_WARN_UNUSED_VARIABLE = YES;
				IPHONEOS_DEPLOYMENT_TARGET = 9.3;
				MTL_ENABLE_DEBUG_INFO = NO;
				SDKROOT = iphoneos;
				VALIDATE_PRODUCT = YES;
			};
			name = Release;
		};
		A405591A1D1803A400577D29 /* Debug */ = {
			isa = XCBuildConfiguration;
			buildSettings = {
				ASSETCATALOG_COMPILER_APPICON_NAME = AppIcon;
				INFOPLIST_FILE = "$(SRCROOT)/CSSwiftExtensionExample/Info.plist";
				IPHONEOS_DEPLOYMENT_TARGET = 8.0;
				LD_RUNPATH_SEARCH_PATHS = "$(inherited) @executable_path/Frameworks";
				PRODUCT_BUNDLE_IDENTIFIER = icetime17.CSSwiftExtension;
				PRODUCT_NAME = "$(TARGET_NAME)";
			};
			name = Debug;
		};
		A405591B1D1803A400577D29 /* Release */ = {
			isa = XCBuildConfiguration;
			buildSettings = {
				ASSETCATALOG_COMPILER_APPICON_NAME = AppIcon;
				INFOPLIST_FILE = "$(SRCROOT)/CSSwiftExtensionExample/Info.plist";
				IPHONEOS_DEPLOYMENT_TARGET = 8.0;
				LD_RUNPATH_SEARCH_PATHS = "$(inherited) @executable_path/Frameworks";
				PRODUCT_BUNDLE_IDENTIFIER = icetime17.CSSwiftExtension;
				PRODUCT_NAME = "$(TARGET_NAME)";
			};
			name = Release;
		};
		A405591D1D1803A400577D29 /* Debug */ = {
			isa = XCBuildConfiguration;
			buildSettings = {
				BUNDLE_LOADER = "$(TEST_HOST)";
				INFOPLIST_FILE = CSSwiftExtensionTests/Info.plist;
				LD_RUNPATH_SEARCH_PATHS = "$(inherited) @executable_path/Frameworks @loader_path/Frameworks";
				PRODUCT_BUNDLE_IDENTIFIER = icetime17.CSSwiftExtensionTests;
				PRODUCT_NAME = "$(TARGET_NAME)";
				TEST_HOST = "$(BUILT_PRODUCTS_DIR)/CSSwiftExtension.app/CSSwiftExtension";
			};
			name = Debug;
		};
		A405591E1D1803A400577D29 /* Release */ = {
			isa = XCBuildConfiguration;
			buildSettings = {
				BUNDLE_LOADER = "$(TEST_HOST)";
				INFOPLIST_FILE = CSSwiftExtensionTests/Info.plist;
				LD_RUNPATH_SEARCH_PATHS = "$(inherited) @executable_path/Frameworks @loader_path/Frameworks";
				PRODUCT_BUNDLE_IDENTIFIER = icetime17.CSSwiftExtensionTests;
				PRODUCT_NAME = "$(TARGET_NAME)";
				TEST_HOST = "$(BUILT_PRODUCTS_DIR)/CSSwiftExtension.app/CSSwiftExtension";
			};
			name = Release;
		};
/* End XCBuildConfiguration section */

/* Begin XCConfigurationList section */
		A40558F41D1803A400577D29 /* Build configuration list for PBXProject "CSSwiftExtension" */ = {
			isa = XCConfigurationList;
			buildConfigurations = (
				A40559171D1803A400577D29 /* Debug */,
				A40559181D1803A400577D29 /* Release */,
			);
			defaultConfigurationIsVisible = 0;
			defaultConfigurationName = Release;
		};
		A40559191D1803A400577D29 /* Build configuration list for PBXNativeTarget "CSSwiftExtensionExample" */ = {
			isa = XCConfigurationList;
			buildConfigurations = (
				A405591A1D1803A400577D29 /* Debug */,
				A405591B1D1803A400577D29 /* Release */,
			);
			defaultConfigurationIsVisible = 0;
			defaultConfigurationName = Release;
		};
		A405591C1D1803A400577D29 /* Build configuration list for PBXNativeTarget "CSSwiftExtensionTests" */ = {
			isa = XCConfigurationList;
			buildConfigurations = (
				A405591D1D1803A400577D29 /* Debug */,
				A405591E1D1803A400577D29 /* Release */,
			);
			defaultConfigurationIsVisible = 0;
			defaultConfigurationName = Release;
		};
/* End XCConfigurationList section */

/* Begin XCVersionGroup section */
		83A2FF561D1EFF4A00264119 /* CSSwiftExtension.xcdatamodeld */ = {
			isa = XCVersionGroup;
			children = (
				83A2FF571D1EFF4A00264119 /* CSSwiftExtension.xcdatamodel */,
			);
			currentVersion = 83A2FF571D1EFF4A00264119 /* CSSwiftExtension.xcdatamodel */;
			path = CSSwiftExtension.xcdatamodeld;
			sourceTree = "<group>";
			versionGroupType = wrapper.xcdatamodel;
		};
/* End XCVersionGroup section */
	};
	rootObject = A40558F11D1803A400577D29 /* Project object */;
}
